// !$*UTF8*$!
{
	archiveVersion = 1;
	classes = {
	};
	objectVersion = 46;
	objects = {

/* Begin PBXBuildFile section */
		4042C6851D94DBA4008ED7B1 /* ZLGameTableViewController.m in Sources */ = {isa = PBXBuildFile; fileRef = 4042C6841D94DBA4008ED7B1 /* ZLGameTableViewController.m */; };
		4042C6881D9519C6008ED7B1 /* ZLTitleLabel.m in Sources */ = {isa = PBXBuildFile; fileRef = 4042C6871D9519C6008ED7B1 /* ZLTitleLabel.m */; };
		404AA79E1D8FCF5C00EC99B4 /* main.m in Sources */ = {isa = PBXBuildFile; fileRef = 404AA79D1D8FCF5C00EC99B4 /* main.m */; };
		404AA7A11D8FCF5C00EC99B4 /* AppDelegate.m in Sources */ = {isa = PBXBuildFile; fileRef = 404AA7A01D8FCF5C00EC99B4 /* AppDelegate.m */; };
		404AA7A91D8FCF5C00EC99B4 /* Assets.xcassets in Resources */ = {isa = PBXBuildFile; fileRef = 404AA7A81D8FCF5C00EC99B4 /* Assets.xcassets */; };
		404AA7AC1D8FCF5C00EC99B4 /* LaunchScreen.storyboard in Resources */ = {isa = PBXBuildFile; fileRef = 404AA7AA1D8FCF5C00EC99B4 /* LaunchScreen.storyboard */; };
		404AA7B51D8FCFA200EC99B4 /* ZLHomeViewController.m in Sources */ = {isa = PBXBuildFile; fileRef = 404AA7B41D8FCFA200EC99B4 /* ZLHomeViewController.m */; };
/* End PBXBuildFile section */

/* Begin PBXFileReference section */
		4042C6831D94DBA4008ED7B1 /* ZLGameTableViewController.h */ = {isa = PBXFileReference; fileEncoding = 4; lastKnownFileType = sourcecode.c.h; path = ZLGameTableViewController.h; sourceTree = "<group>"; };
		4042C6841D94DBA4008ED7B1 /* ZLGameTableViewController.m */ = {isa = PBXFileReference; fileEncoding = 4; lastKnownFileType = sourcecode.c.objc; path = ZLGameTableViewController.m; sourceTree = "<group>"; };
		4042C6861D9519C6008ED7B1 /* ZLTitleLabel.h */ = {isa = PBXFileReference; fileEncoding = 4; lastKnownFileType = sourcecode.c.h; path = ZLTitleLabel.h; sourceTree = "<group>"; };
		4042C6871D9519C6008ED7B1 /* ZLTitleLabel.m */ = {isa = PBXFileReference; fileEncoding = 4; lastKnownFileType = sourcecode.c.objc; path = ZLTitleLabel.m; sourceTree = "<group>"; };
		404AA7991D8FCF5C00EC99B4 /* ZLNeteaseSample.app */ = {isa = PBXFileReference; explicitFileType = wrapper.application; includeInIndex = 0; path = ZLNeteaseSample.app; sourceTree = BUILT_PRODUCTS_DIR; };
		404AA79D1D8FCF5C00EC99B4 /* main.m */ = {isa = PBXFileReference; lastKnownFileType = sourcecode.c.objc; path = main.m; sourceTree = "<group>"; };
		404AA79F1D8FCF5C00EC99B4 /* AppDelegate.h */ = {isa = PBXFileReference; lastKnownFileType = sourcecode.c.h; path = AppDelegate.h; sourceTree = "<group>"; };
		404AA7A01D8FCF5C00EC99B4 /* AppDelegate.m */ = {isa = PBXFileReference; lastKnownFileType = sourcecode.c.objc; path = AppDelegate.m; sourceTree = "<group>"; };
		404AA7A81D8FCF5C00EC99B4 /* Assets.xcassets */ = {isa = PBXFileReference; lastKnownFileType = folder.assetcatalog; path = Assets.xcassets; sourceTree = "<group>"; };
		404AA7AB1D8FCF5C00EC99B4 /* Base */ = {isa = PBXFileReference; lastKnownFileType = file.storyboard; name = Base; path = Base.lproj/LaunchScreen.storyboard; sourceTree = "<group>"; };
		404AA7AD1D8FCF5C00EC99B4 /* Info.plist */ = {isa = PBXFileReference; lastKnownFileType = text.plist.xml; path = Info.plist; sourceTree = "<group>"; };
		404AA7B31D8FCFA200EC99B4 /* ZLHomeViewController.h */ = {isa = PBXFileReference; fileEncoding = 4; lastKnownFileType = sourcecode.c.h; path = ZLHomeViewController.h; sourceTree = "<group>"; };
		404AA7B41D8FCFA200EC99B4 /* ZLHomeViewController.m */ = {isa = PBXFileReference; fileEncoding = 4; lastKnownFileType = sourcecode.c.objc; path = ZLHomeViewController.m; sourceTree = "<group>"; };
/* End PBXFileReference section */

/* Begin PBXFrameworksBuildPhase section */
		404AA7961D8FCF5C00EC99B4 /* Frameworks */ = {
			isa = PBXFrameworksBuildPhase;
			buildActionMask = 2147483647;
			files = (
			);
			runOnlyForDeploymentPostprocessing = 0;
		};
/* End PBXFrameworksBuildPhase section */

/* Begin PBXGroup section */
		404AA7901D8FCF5C00EC99B4 = {
			isa = PBXGroup;
			children = (
				404AA79B1D8FCF5C00EC99B4 /* ZLNeteaseSample */,
				404AA79A1D8FCF5C00EC99B4 /* Products */,
			);
			sourceTree = "<group>";
		};
		404AA79A1D8FCF5C00EC99B4 /* Products */ = {
			isa = PBXGroup;
			children = (
				404AA7991D8FCF5C00EC99B4 /* ZLNeteaseSample.app */,
			);
			name = Products;
			sourceTree = "<group>";
		};
		404AA79B1D8FCF5C00EC99B4 /* ZLNeteaseSample */ = {
			isa = PBXGroup;
			children = (
				404AA79F1D8FCF5C00EC99B4 /* AppDelegate.h */,
				404AA7A01D8FCF5C00EC99B4 /* AppDelegate.m */,
				404AA7B31D8FCFA200EC99B4 /* ZLHomeViewController.h */,
				404AA7B41D8FCFA200EC99B4 /* ZLHomeViewController.m */,
				404AA7A81D8FCF5C00EC99B4 /* Assets.xcassets */,
				404AA7AA1D8FCF5C00EC99B4 /* LaunchScreen.storyboard */,
				404AA7AD1D8FCF5C00EC99B4 /* Info.plist */,
				404AA79C1D8FCF5C00EC99B4 /* Supporting Files */,
				4042C6831D94DBA4008ED7B1 /* ZLGameTableViewController.h */,
				4042C6841D94DBA4008ED7B1 /* ZLGameTableViewController.m */,
				4042C6861D9519C6008ED7B1 /* ZLTitleLabel.h */,
				4042C6871D9519C6008ED7B1 /* ZLTitleLabel.m */,
			);
			path = ZLNeteaseSample;
			sourceTree = "<group>";
		};
		404AA79C1D8FCF5C00EC99B4 /* Supporting Files */ = {
			isa = PBXGroup;
			children = (
				404AA79D1D8FCF5C00EC99B4 /* main.m */,
			);
			name = "Supporting Files";
			sourceTree = "<group>";
		};
/* End PBXGroup section */

/* Begin PBXNativeTarget section */
		404AA7981D8FCF5C00EC99B4 /* ZLNeteaseSample */ = {
			isa = PBXNativeTarget;
			buildConfigurationList = 404AA7B01D8FCF5C00EC99B4 /* Build configuration list for PBXNativeTarget "ZLNeteaseSample" */;
			buildPhases = (
				404AA7951D8FCF5C00EC99B4 /* Sources */,
				404AA7961D8FCF5C00EC99B4 /* Frameworks */,
				404AA7971D8FCF5C00EC99B4 /* Resources */,
			);
			buildRules = (
			);
			dependencies = (
			);
			name = ZLNeteaseSample;
			productName = ZLNeteaseSample;
			productReference = 404AA7991D8FCF5C00EC99B4 /* ZLNeteaseSample.app */;
			productType = "com.apple.product-type.application";
		};
/* End PBXNativeTarget section */

/* Begin PBXProject section */
		404AA7911D8FCF5C00EC99B4 /* Project object */ = {
			isa = PBXProject;
			attributes = {
				CLASSPREFIX = ZL;
				LastUpgradeCheck = 0730;
				ORGANIZATIONNAME = ANGELEN;
				TargetAttributes = {
					404AA7981D8FCF5C00EC99B4 = {
						CreatedOnToolsVersion = 7.3.1;
					};
				};
			};
			buildConfigurationList = 404AA7941D8FCF5C00EC99B4 /* Build configuration list for PBXProject "ZLNeteaseSample" */;
			compatibilityVersion = "Xcode 3.2";
			developmentRegion = English;
			hasScannedForEncodings = 0;
			knownRegions = (
				en,
				Base,
			);
			mainGroup = 404AA7901D8FCF5C00EC99B4;
			productRefGroup = 404AA79A1D8FCF5C00EC99B4 /* Products */;
			projectDirPath = "";
			projectRoot = "";
			targets = (
				404AA7981D8FCF5C00EC99B4 /* ZLNeteaseSample */,
			);
		};
/* End PBXProject section */

/* Begin PBXResourcesBuildPhase section */
		404AA7971D8FCF5C00EC99B4 /* Resources */ = {
			isa = PBXResourcesBuildPhase;
			buildActionMask = 2147483647;
			files = (
				404AA7AC1D8FCF5C00EC99B4 /* LaunchScreen.storyboard in Resources */,
				404AA7A91D8FCF5C00EC99B4 /* Assets.xcassets in Resources */,
			);
			runOnlyForDeploymentPostprocessing = 0;
		};
/* End PBXResourcesBuildPhase section */

/* Begin PBXSourcesBuildPhase section */
		404AA7951D8FCF5C00EC99B4 /* Sources */ = {
			isa = PBXSourcesBuildPhase;
			buildActionMask = 2147483647;
			files = (
				4042C6881D9519C6008ED7B1 /* ZLTitleLabel.m in Sources */,
				404AA7A11D8FCF5C00EC99B4 /* AppDelegate.m in Sources */,
				4042C6851D94DBA4008ED7B1 /* ZLGameTableViewController.m in Sources */,
				404AA79E1D8FCF5C00EC99B4 /* main.m in Sources */,
				404AA7B51D8FCFA200EC99B4 /* ZLHomeViewController.m in Sources */,
			);
			runOnlyForDeploymentPostprocessing = 0;
		};
/* End PBXSourcesBuildPhase section */

/* Begin PBXVariantGroup section */
		404AA7AA1D8FCF5C00EC99B4 /* LaunchScreen.storyboard */ = {
			isa = PBXVariantGroup;
			children = (
				404AA7AB1D8FCF5C00EC99B4 /* Base */,
			);
			name = LaunchScreen.storyboard;
			sourceTree = "<group>";
		};
/* End PBXVariantGroup section */

/* Begin XCBuildConfiguration section */
		404AA7AE1D8FCF5C00EC99B4 /* Debug */ = {
			isa = XCBuildConfiguration;
			buildSettings = {
				ALWAYS_SEARCH_USER_PATHS = NO;
				CLANG_ANALYZER_NONNULL = YES;
				CLANG_CXX_LANGUAGE_STANDARD = "gnu++0x";
				CLANG_CXX_LIBRARY = "libc++";
				CLANG_ENABLE_MODULES = YES;
				CLANG_ENABLE_OBJC_ARC = YES;
				CLANG_WARN_BOOL_CONVERSION = YES;
				CLANG_WARN_CONSTANT_CONVERSION = YES;
				CLANG_WARN_DIRECT_OBJC_ISA_USAGE = YES_ERROR;
				CLANG_WARN_EMPTY_BODY = YES;
				CLANG_WARN_ENUM_CONVERSION = YES;
				CLANG_WARN_INT_CONVERSION = YES;
				CLANG_WARN_OBJC_ROOT_CLASS = YES_ERROR;
				CLANG_WARN_UNREACHABLE_CODE = YES;
				CLANG_WARN__DUPLICATE_METHOD_MATCH = YES;
				"CODE_SIGN_IDENTITY[sdk=iphoneos*]" = "iPhone Developer";
				COPY_PHASE_STRIP = NO;
				DEBUG_INFORMATION_FORMAT = dwarf;
				ENABLE_STRICT_OBJC_MSGSEND = YES;
				ENABLE_TESTABILITY = YES;
				GCC_C_LANGUAGE_STANDARD = gnu99;
				GCC_DYNAMIC_NO_PIC = NO;
				GCC_NO_COMMON_BLOCKS = YES;
				GCC_OPTIMIZATION_LEVEL = 0;
				GCC_PREPROCESSOR_DEFINITIONS = (
					"DEBUG=1",
					"$(inherited)",
				);
				GCC_WARN_64_TO_32_BIT_CONVERSION = YES;
				GCC_WARN_ABOUT_RETURN_TYPE = YES_ERROR;
				GCC_WARN_UNDECLARED_SELECTOR = YES;
				GCC_WARN_UNINITIALIZED_AUTOS = YES_AGGRESSIVE;
				GCC_WARN_UNUSED_FUNCTION = YES;
				GCC_WARN_UNUSED_VARIABLE = YES;
				IPHONEOS_DEPLOYMENT_TARGET = 9.3;
				MTL_ENABLE_DEBUG_INFO = YES;
				ONLY_ACTIVE_ARCH = YES;
				SDKROOT = iphoneos;
				TARGETED_DEVICE_FAMILY = "1,2";
			};
			name = Debug;
		};
		404AA7AF1D8FCF5C00EC99B4 /* Release */ = {
			isa = XCBuildConfiguration;
			buildSettings = {
				ALWAYS_SEARCH_USER_PATHS = NO;
				CLANG_ANALYZER_NONNULL = YES;
				CLANG_CXX_LANGUAGE_STANDARD = "gnu++0x";
				CLANG_CXX_LIBRARY = "libc++";
				CLANG_ENABLE_MODULES = YES;
				CLANG_ENABLE_OBJC_ARC = YES;
				CLANG_WARN_BOOL_CONVERSION = YES;
				CLANG_WARN_CONSTANT_CONVERSION = YES;
				CLANG_WARN_DIRECT_OBJC_ISA_USAGE = YES_ERROR;
				CLANG_WARN_EMPTY_BODY = YES;
				CLANG_WARN_ENUM_CONVERSION = YES;
				CLANG_WARN_INT_CONVERSION = YES;
				CLANG_WARN_OBJC_ROOT_CLASS = YES_ERROR;
				CLANG_WARN_UNREACHABLE_CODE = YES;
				CLANG_WARN__DUPLICATE_METHOD_MATCH = YES;
				"CODE_SIGN_IDENTITY[sdk=iphoneos*]" = "iPhone Developer";
				COPY_PHASE_STRIP = NO;
				DEBUG_INFORMATION_FORMAT = "dwarf-with-dsym";
				ENABLE_NS_ASSERTIONS = NO;
				ENABLE_STRICT_OBJC_MSGSEND = YES;
				GCC_C_LANGUAGE_STANDARD = gnu99;
				GCC_NO_COMMON_BLOCKS = YES;
				GCC_WARN_64_TO_32_BIT_CONVERSION = YES;
				GCC_WARN_ABOUT_RETURN_TYPE = YES_ERROR;
				GCC_WARN_UNDECLARED_SELECTOR = YES;
				GCC_WARN_UNINITIALIZED_AUTOS = YES_AGGRESSIVE;
				GCC_WARN_UNUSED_FUNCTION = YES;
				GCC_WARN_UNUSED_VARIABLE = YES;
				IPHONEOS_DEPLOYMENT_TARGET = 9.3;
				MTL_ENABLE_DEBUG_INFO = NO;
				SDKROOT = iphoneos;
				TARGETED_DEVICE_FAMILY = "1,2";
				VALIDATE_PRODUCT = YES;
			};
			name = Release;
		};
		404AA7B11D8FCF5C00EC99B4 /* Debug */ = {
			isa = XCBuildConfiguration;
			buildSettings = {
				ASSETCATALOG_COMPILER_APPICON_NAME = AppIcon;
				INFOPLIST_FILE = ZLNeteaseSample/Info.plist;
				IPHONEOS_DEPLOYMENT_TARGET = 9.0;
				LD_RUNPATH_SEARCH_PATHS = "$(inherited) @executable_path/Frameworks";
				PRODUCT_BUNDLE_IDENTIFIER = me.angelen.ZLNeteaseSample;
				PRODUCT_NAME = "$(TARGET_NAME)";
			};
			name = Debug;
		};
		404AA7B21D8FCF5C00EC99B4 /* Release */ = {
			isa = XCBuildConfiguration;
			buildSettings = {
				ASSETCATALOG_COMPILER_APPICON_NAME = AppIcon;
				INFOPLIST_FILE = ZLNeteaseSample/Info.plist;
				IPHONEOS_DEPLOYMENT_TARGET = 9.0;
				LD_RUNPATH_SEARCH_PATHS = "$(inherited) @executable_path/Frameworks";
				PRODUCT_BUNDLE_IDENTIFIER = me.angelen.ZLNeteaseSample;
				PRODUCT_NAME = "$(TARGET_NAME)";
			};
			name = Release;
		};
/* End XCBuildConfiguration section */

/* Begin XCConfigurationList section */
		404AA7941D8FCF5C00EC99B4 /* Build configuration list for PBXProject "ZLNeteaseSample" */ = {
			isa = XCConfigurationList;
			buildConfigurations = (
				404AA7AE1D8FCF5C00EC99B4 /* Debug */,
				404AA7AF1D8FCF5C00EC99B4 /* Release */,
			);
			defaultConfigurationIsVisible = 0;
			defaultConfigurationName = Release;
		};
		404AA7B01D8FCF5C00EC99B4 /* Build configuration list for PBXNativeTarget "ZLNeteaseSample" */ = {
			isa = XCConfigurationList;
			buildConfigurations = (
				404AA7B11D8FCF5C00EC99B4 /* Debug */,
				404AA7B21D8FCF5C00EC99B4 /* Release */,
			);
			defaultConfigurationIsVisible = 0;
			defaultConfigurationName = Release;
		};
/* End XCConfigurationList section */
	};
	rootObject = 404AA7911D8FCF5C00EC99B4 /* Project object */;
}
